// !$*UTF8*$!
{
	archiveVersion = 1;
	classes = {
	};
	objectVersion = 50;
	objects = {

/* Begin PBXBuildFile section */
		AD0D028C211839CC0061E461 /* AppDelegate.swift in Sources */ = {isa = PBXBuildFile; fileRef = AD0D028B211839CC0061E461 /* AppDelegate.swift */; };
		AD0D0291211839CC0061E461 /* Main.storyboard in Resources */ = {isa = PBXBuildFile; fileRef = AD0D028F211839CC0061E461 /* Main.storyboard */; };
		AD0D0293211839CE0061E461 /* Assets.xcassets in Resources */ = {isa = PBXBuildFile; fileRef = AD0D0292211839CE0061E461 /* Assets.xcassets */; };
		AD0D0296211839CE0061E461 /* LaunchScreen.storyboard in Resources */ = {isa = PBXBuildFile; fileRef = AD0D0294211839CE0061E461 /* LaunchScreen.storyboard */; };
		AD0D02A1211839CE0061E461 /* FrameworkDemoTests.swift in Sources */ = {isa = PBXBuildFile; fileRef = AD0D02A0211839CE0061E461 /* FrameworkDemoTests.swift */; };
		AD0D02AC211839CE0061E461 /* FrameworkDemoUITests.swift in Sources */ = {isa = PBXBuildFile; fileRef = AD0D02AB211839CE0061E461 /* FrameworkDemoUITests.swift */; };
		AD0D042A211865E80061E461 /* AbcViewController.swift in Sources */ = {isa = PBXBuildFile; fileRef = AD0D0428211865E80061E461 /* AbcViewController.swift */; };
		AD0D042B211865E80061E461 /* AbcViewController.xib in Resources */ = {isa = PBXBuildFile; fileRef = AD0D0429211865E80061E461 /* AbcViewController.xib */; };
		ADF93FFD216F3CB600FBF09E /* SplittBusiness.framework in Frameworks */ = {isa = PBXBuildFile; fileRef = ADF93FF7216F3C3600FBF09E /* SplittBusiness.framework */; };
/* End PBXBuildFile section */

/* Begin PBXContainerItemProxy section */
		AD0D029D211839CE0061E461 /* PBXContainerItemProxy */ = {
			isa = PBXContainerItemProxy;
			containerPortal = AD0D0280211839CC0061E461 /* Project object */;
			proxyType = 1;
			remoteGlobalIDString = AD0D0287211839CC0061E461;
			remoteInfo = FrameworkDemo;
		};
		AD0D02A8211839CE0061E461 /* PBXContainerItemProxy */ = {
			isa = PBXContainerItemProxy;
			containerPortal = AD0D0280211839CC0061E461 /* Project object */;
			proxyType = 1;
			remoteGlobalIDString = AD0D0287211839CC0061E461;
			remoteInfo = FrameworkDemo;
		};
		ADF93FF6216F3C3600FBF09E /* PBXContainerItemProxy */ = {
			isa = PBXContainerItemProxy;
			containerPortal = ADF93FF1216F3C3400FBF09E /* SplittBusiness.xcodeproj */;
			proxyType = 2;
			remoteGlobalIDString = AD0D04EA2118688F0061E461;
			remoteInfo = SplittBusiness;
		};
		ADF93FF8216F3C3600FBF09E /* PBXContainerItemProxy */ = {
			isa = PBXContainerItemProxy;
			containerPortal = ADF93FF1216F3C3400FBF09E /* SplittBusiness.xcodeproj */;
			proxyType = 2;
			remoteGlobalIDString = AD0D04F32118688F0061E461;
			remoteInfo = SplittBusinessTests;
		};
/* End PBXContainerItemProxy section */

/* Begin PBXCopyFilesBuildPhase section */
		AD35E284215CC1C4006BE7C9 /* Embed Frameworks */ = {
			isa = PBXCopyFilesBuildPhase;
			buildActionMask = 2147483647;
			dstPath = "";
			dstSubfolderSpec = 10;
			files = (
			);
			name = "Embed Frameworks";
			runOnlyForDeploymentPostprocessing = 0;
		};
/* End PBXCopyFilesBuildPhase section */

/* Begin PBXFileReference section */
		AD0D0288211839CC0061E461 /* FrameworkDemo.app */ = {isa = PBXFileReference; explicitFileType = wrapper.application; includeInIndex = 0; path = FrameworkDemo.app; sourceTree = BUILT_PRODUCTS_DIR; };
		AD0D028B211839CC0061E461 /* AppDelegate.swift */ = {isa = PBXFileReference; lastKnownFileType = sourcecode.swift; path = AppDelegate.swift; sourceTree = "<group>"; };
		AD0D0290211839CC0061E461 /* Base */ = {isa = PBXFileReference; lastKnownFileType = file.storyboard; name = Base; path = Base.lproj/Main.storyboard; sourceTree = "<group>"; };
		AD0D0292211839CE0061E461 /* Assets.xcassets */ = {isa = PBXFileReference; lastKnownFileType = folder.assetcatalog; path = Assets.xcassets; sourceTree = "<group>"; };
		AD0D0295211839CE0061E461 /* Base */ = {isa = PBXFileReference; lastKnownFileType = file.storyboard; name = Base; path = Base.lproj/LaunchScreen.storyboard; sourceTree = "<group>"; };
		AD0D0297211839CE0061E461 /* Info.plist */ = {isa = PBXFileReference; lastKnownFileType = text.plist.xml; path = Info.plist; sourceTree = "<group>"; };
		AD0D029C211839CE0061E461 /* FrameworkDemoTests.xctest */ = {isa = PBXFileReference; explicitFileType = wrapper.cfbundle; includeInIndex = 0; path = FrameworkDemoTests.xctest; sourceTree = BUILT_PRODUCTS_DIR; };
		AD0D02A0211839CE0061E461 /* FrameworkDemoTests.swift */ = {isa = PBXFileReference; lastKnownFileType = sourcecode.swift; path = FrameworkDemoTests.swift; sourceTree = "<group>"; };
		AD0D02A2211839CE0061E461 /* Info.plist */ = {isa = PBXFileReference; lastKnownFileType = text.plist.xml; path = Info.plist; sourceTree = "<group>"; };
		AD0D02A7211839CE0061E461 /* FrameworkDemoUITests.xctest */ = {isa = PBXFileReference; explicitFileType = wrapper.cfbundle; includeInIndex = 0; path = FrameworkDemoUITests.xctest; sourceTree = BUILT_PRODUCTS_DIR; };
		AD0D02AB211839CE0061E461 /* FrameworkDemoUITests.swift */ = {isa = PBXFileReference; lastKnownFileType = sourcecode.swift; path = FrameworkDemoUITests.swift; sourceTree = "<group>"; };
		AD0D02AD211839CE0061E461 /* Info.plist */ = {isa = PBXFileReference; lastKnownFileType = text.plist.xml; path = Info.plist; sourceTree = "<group>"; };
		AD0D0428211865E80061E461 /* AbcViewController.swift */ = {isa = PBXFileReference; lastKnownFileType = sourcecode.swift; path = AbcViewController.swift; sourceTree = "<group>"; };
		AD0D0429211865E80061E461 /* AbcViewController.xib */ = {isa = PBXFileReference; lastKnownFileType = file.xib; path = AbcViewController.xib; sourceTree = "<group>"; };
		ADF93FF1216F3C3400FBF09E /* SplittBusiness.xcodeproj */ = {isa = PBXFileReference; lastKnownFileType = "wrapper.pb-project"; name = SplittBusiness.xcodeproj; path = ../SCHomeViewController/SplittBusiness.xcodeproj; sourceTree = "<group>"; };
/* End PBXFileReference section */

/* Begin PBXFrameworksBuildPhase section */
		AD0D0285211839CC0061E461 /* Frameworks */ = {
			isa = PBXFrameworksBuildPhase;
			buildActionMask = 2147483647;
			files = (
				ADF93FFD216F3CB600FBF09E /* SplittBusiness.framework in Frameworks */,
			);
			runOnlyForDeploymentPostprocessing = 0;
		};
		AD0D0299211839CE0061E461 /* Frameworks */ = {
			isa = PBXFrameworksBuildPhase;
			buildActionMask = 2147483647;
			files = (
			);
			runOnlyForDeploymentPostprocessing = 0;
		};
		AD0D02A4211839CE0061E461 /* Frameworks */ = {
			isa = PBXFrameworksBuildPhase;
			buildActionMask = 2147483647;
			files = (
			);
			runOnlyForDeploymentPostprocessing = 0;
		};
/* End PBXFrameworksBuildPhase section */

/* Begin PBXGroup section */
		AD0D027F211839CC0061E461 = {
			isa = PBXGroup;
			children = (
				ADF93FF1216F3C3400FBF09E /* SplittBusiness.xcodeproj */,
				AD0D028A211839CC0061E461 /* FrameworkDemo */,
				AD0D029F211839CE0061E461 /* FrameworkDemoTests */,
				AD0D02AA211839CE0061E461 /* FrameworkDemoUITests */,
				AD0D0289211839CC0061E461 /* Products */,
				ADF93FFC216F3CB600FBF09E /* Frameworks */,
			);
			sourceTree = "<group>";
		};
		AD0D0289211839CC0061E461 /* Products */ = {
			isa = PBXGroup;
			children = (
				AD0D0288211839CC0061E461 /* FrameworkDemo.app */,
				AD0D029C211839CE0061E461 /* FrameworkDemoTests.xctest */,
				AD0D02A7211839CE0061E461 /* FrameworkDemoUITests.xctest */,
			);
			name = Products;
			sourceTree = "<group>";
		};
		AD0D028A211839CC0061E461 /* FrameworkDemo */ = {
			isa = PBXGroup;
			children = (
				AD0D028B211839CC0061E461 /* AppDelegate.swift */,
				AD0D0428211865E80061E461 /* AbcViewController.swift */,
				AD0D0429211865E80061E461 /* AbcViewController.xib */,
				AD0D028F211839CC0061E461 /* Main.storyboard */,
				AD0D0292211839CE0061E461 /* Assets.xcassets */,
				AD0D0294211839CE0061E461 /* LaunchScreen.storyboard */,
				AD0D0297211839CE0061E461 /* Info.plist */,
			);
			path = FrameworkDemo;
			sourceTree = "<group>";
		};
		AD0D029F211839CE0061E461 /* FrameworkDemoTests */ = {
			isa = PBXGroup;
			children = (
				AD0D02A0211839CE0061E461 /* FrameworkDemoTests.swift */,
				AD0D02A2211839CE0061E461 /* Info.plist */,
			);
			path = FrameworkDemoTests;
			sourceTree = "<group>";
		};
		AD0D02AA211839CE0061E461 /* FrameworkDemoUITests */ = {
			isa = PBXGroup;
			children = (
				AD0D02AB211839CE0061E461 /* FrameworkDemoUITests.swift */,
				AD0D02AD211839CE0061E461 /* Info.plist */,
			);
			path = FrameworkDemoUITests;
			sourceTree = "<group>";
		};
		ADF93FF2216F3C3400FBF09E /* Products */ = {
			isa = PBXGroup;
			children = (
				ADF93FF7216F3C3600FBF09E /* SplittBusiness.framework */,
				ADF93FF9216F3C3600FBF09E /* SplittBusinessTests.xctest */,
			);
			name = Products;
			sourceTree = "<group>";
		};
		ADF93FFC216F3CB600FBF09E /* Frameworks */ = {
			isa = PBXGroup;
			children = (
			);
			name = Frameworks;
			sourceTree = "<group>";
		};
/* End PBXGroup section */

/* Begin PBXNativeTarget section */
		AD0D0287211839CC0061E461 /* FrameworkDemo */ = {
			isa = PBXNativeTarget;
			buildConfigurationList = AD0D02B0211839CE0061E461 /* Build configuration list for PBXNativeTarget "FrameworkDemo" */;
			buildPhases = (
				AD0D0284211839CC0061E461 /* Sources */,
				AD0D0285211839CC0061E461 /* Frameworks */,
				AD0D0286211839CC0061E461 /* Resources */,
				AD35E284215CC1C4006BE7C9 /* Embed Frameworks */,
			);
			buildRules = (
			);
			dependencies = (
			);
			name = FrameworkDemo;
			productName = FrameworkDemo;
			productReference = AD0D0288211839CC0061E461 /* FrameworkDemo.app */;
			productType = "com.apple.product-type.application";
		};
		AD0D029B211839CE0061E461 /* FrameworkDemoTests */ = {
			isa = PBXNativeTarget;
			buildConfigurationList = AD0D02B3211839CE0061E461 /* Build configuration list for PBXNativeTarget "FrameworkDemoTests" */;
			buildPhases = (
				AD0D0298211839CE0061E461 /* Sources */,
				AD0D0299211839CE0061E461 /* Frameworks */,
				AD0D029A211839CE0061E461 /* Resources */,
			);
			buildRules = (
			);
			dependencies = (
				AD0D029E211839CE0061E461 /* PBXTargetDependency */,
			);
			name = FrameworkDemoTests;
			productName = FrameworkDemoTests;
			productReference = AD0D029C211839CE0061E461 /* FrameworkDemoTests.xctest */;
			productType = "com.apple.product-type.bundle.unit-test";
		};
		AD0D02A6211839CE0061E461 /* FrameworkDemoUITests */ = {
			isa = PBXNativeTarget;
			buildConfigurationList = AD0D02B6211839CE0061E461 /* Build configuration list for PBXNativeTarget "FrameworkDemoUITests" */;
			buildPhases = (
				AD0D02A3211839CE0061E461 /* Sources */,
				AD0D02A4211839CE0061E461 /* Frameworks */,
				AD0D02A5211839CE0061E461 /* Resources */,
			);
			buildRules = (
			);
			dependencies = (
				AD0D02A9211839CE0061E461 /* PBXTargetDependency */,
			);
			name = FrameworkDemoUITests;
			productName = FrameworkDemoUITests;
			productReference = AD0D02A7211839CE0061E461 /* FrameworkDemoUITests.xctest */;
			productType = "com.apple.product-type.bundle.ui-testing";
		};
/* End PBXNativeTarget section */

/* Begin PBXProject section */
		AD0D0280211839CC0061E461 /* Project object */ = {
			isa = PBXProject;
			attributes = {
				LastSwiftUpdateCheck = 0940;
				LastUpgradeCheck = 0940;
				ORGANIZATIONNAME = Deepak;
				TargetAttributes = {
					AD0D0287211839CC0061E461 = {
						CreatedOnToolsVersion = 9.4.1;
					};
					AD0D029B211839CE0061E461 = {
						CreatedOnToolsVersion = 9.4.1;
						TestTargetID = AD0D0287211839CC0061E461;
					};
					AD0D02A6211839CE0061E461 = {
						CreatedOnToolsVersion = 9.4.1;
						TestTargetID = AD0D0287211839CC0061E461;
					};
				};
			};
			buildConfigurationList = AD0D0283211839CC0061E461 /* Build configuration list for PBXProject "FrameworkDemo" */;
			compatibilityVersion = "Xcode 9.3";
			developmentRegion = en;
			hasScannedForEncodings = 0;
			knownRegions = (
				en,
				Base,
			);
			mainGroup = AD0D027F211839CC0061E461;
			productRefGroup = AD0D0289211839CC0061E461 /* Products */;
			projectDirPath = "";
			projectReferences = (
				{
					ProductGroup = ADF93FF2216F3C3400FBF09E /* Products */;
					ProjectRef = ADF93FF1216F3C3400FBF09E /* SplittBusiness.xcodeproj */;
				},
			);
			projectRoot = "";
			targets = (
				AD0D0287211839CC0061E461 /* FrameworkDemo */,
				AD0D029B211839CE0061E461 /* FrameworkDemoTests */,
				AD0D02A6211839CE0061E461 /* FrameworkDemoUITests */,
			);
		};
/* End PBXProject section */

/* Begin PBXReferenceProxy section */
		ADF93FF7216F3C3600FBF09E /* SplittBusiness.framework */ = {
			isa = PBXReferenceProxy;
			fileType = wrapper.framework;
			path = SplittBusiness.framework;
			remoteRef = ADF93FF6216F3C3600FBF09E /* PBXContainerItemProxy */;
			sourceTree = BUILT_PRODUCTS_DIR;
		};
		ADF93FF9216F3C3600FBF09E /* SplittBusinessTests.xctest */ = {
			isa = PBXReferenceProxy;
			fileType = wrapper.cfbundle;
			path = SplittBusinessTests.xctest;
			remoteRef = ADF93FF8216F3C3600FBF09E /* PBXContainerItemProxy */;
			sourceTree = BUILT_PRODUCTS_DIR;
		};
/* End PBXReferenceProxy section */

/* Begin PBXResourcesBuildPhase section */
		AD0D0286211839CC0061E461 /* Resources */ = {
			isa = PBXResourcesBuildPhase;
			buildActionMask = 2147483647;
			files = (
				AD0D0296211839CE0061E461 /* LaunchScreen.storyboard in Resources */,
				AD0D0293211839CE0061E461 /* Assets.xcassets in Resources */,
				AD0D0291211839CC0061E461 /* Main.storyboard in Resources */,
				AD0D042B211865E80061E461 /* AbcViewController.xib in Resources */,
			);
			runOnlyForDeploymentPostprocessing = 0;
		};
		AD0D029A211839CE0061E461 /* Resources */ = {
			isa = PBXResourcesBuildPhase;
			buildActionMask = 2147483647;
			files = (
			);
			runOnlyForDeploymentPostprocessing = 0;
		};
		AD0D02A5211839CE0061E461 /* Resources */ = {
			isa = PBXResourcesBuildPhase;
			buildActionMask = 2147483647;
			files = (
			);
			runOnlyForDeploymentPostprocessing = 0;
		};
/* End PBXResourcesBuildPhase section */

/* Begin PBXSourcesBuildPhase section */
		AD0D0284211839CC0061E461 /* Sources */ = {
			isa = PBXSourcesBuildPhase;
			buildActionMask = 2147483647;
			files = (
				AD0D028C211839CC0061E461 /* AppDelegate.swift in Sources */,
				AD0D042A211865E80061E461 /* AbcViewController.swift in Sources */,
			);
			runOnlyForDeploymentPostprocessing = 0;
		};
		AD0D0298211839CE0061E461 /* Sources */ = {
			isa = PBXSourcesBuildPhase;
			buildActionMask = 2147483647;
			files = (
				AD0D02A1211839CE0061E461 /* FrameworkDemoTests.swift in Sources */,
			);
			runOnlyForDeploymentPostprocessing = 0;
		};
		AD0D02A3211839CE0061E461 /* Sources */ = {
			isa = PBXSourcesBuildPhase;
			buildActionMask = 2147483647;
			files = (
				AD0D02AC211839CE0061E461 /* FrameworkDemoUITests.swift in Sources */,
			);
			runOnlyForDeploymentPostprocessing = 0;
		};
/* End PBXSourcesBuildPhase section */

/* Begin PBXTargetDependency section */
		AD0D029E211839CE0061E461 /* PBXTargetDependency */ = {
			isa = PBXTargetDependency;
			target = AD0D0287211839CC0061E461 /* FrameworkDemo */;
			targetProxy = AD0D029D211839CE0061E461 /* PBXContainerItemProxy */;
		};
		AD0D02A9211839CE0061E461 /* PBXTargetDependency */ = {
			isa = PBXTargetDependency;
			target = AD0D0287211839CC0061E461 /* FrameworkDemo */;
			targetProxy = AD0D02A8211839CE0061E461 /* PBXContainerItemProxy */;
		};
/* End PBXTargetDependency section */

/* Begin PBXVariantGroup section */
		AD0D028F211839CC0061E461 /* Main.storyboard */ = {
			isa = PBXVariantGroup;
			children = (
				AD0D0290211839CC0061E461 /* Base */,
			);
			name = Main.storyboard;
			sourceTree = "<group>";
		};
		AD0D0294211839CE0061E461 /* LaunchScreen.storyboard */ = {
			isa = PBXVariantGroup;
			children = (
				AD0D0295211839CE0061E461 /* Base */,
			);
			name = LaunchScreen.storyboard;
			sourceTree = "<group>";
		};
/* End PBXVariantGroup section */

/* Begin XCBuildConfiguration section */
		AD0D02AE211839CE0061E461 /* Debug */ = {
			isa = XCBuildConfiguration;
			buildSettings = {
				ALWAYS_SEARCH_USER_PATHS = NO;
				CLANG_ANALYZER_NONNULL = YES;
				CLANG_ANALYZER_NUMBER_OBJECT_CONVERSION = YES_AGGRESSIVE;
				CLANG_CXX_LANGUAGE_STANDARD = "gnu++14";
				CLANG_CXX_LIBRARY = "libc++";
				CLANG_ENABLE_MODULES = YES;
				CLANG_ENABLE_OBJC_ARC = YES;
				CLANG_ENABLE_OBJC_WEAK = YES;
				CLANG_WARN_BLOCK_CAPTURE_AUTORELEASING = YES;
				CLANG_WARN_BOOL_CONVERSION = YES;
				CLANG_WARN_COMMA = YES;
				CLANG_WARN_CONSTANT_CONVERSION = YES;
				CLANG_WARN_DEPRECATED_OBJC_IMPLEMENTATIONS = YES;
				CLANG_WARN_DIRECT_OBJC_ISA_USAGE = YES_ERROR;
				CLANG_WARN_DOCUMENTATION_COMMENTS = YES;
				CLANG_WARN_EMPTY_BODY = YES;
				CLANG_WARN_ENUM_CONVERSION = YES;
				CLANG_WARN_INFINITE_RECURSION = YES;
				CLANG_WARN_INT_CONVERSION = YES;
				CLANG_WARN_NON_LITERAL_NULL_CONVERSION = YES;
				CLANG_WARN_OBJC_IMPLICIT_RETAIN_SELF = YES;
				CLANG_WARN_OBJC_LITERAL_CONVERSION = YES;
				CLANG_WARN_OBJC_ROOT_CLASS = YES_ERROR;
				CLANG_WARN_RANGE_LOOP_ANALYSIS = YES;
				CLANG_WARN_STRICT_PROTOTYPES = YES;
				CLANG_WARN_SUSPICIOUS_MOVE = YES;
				CLANG_WARN_UNGUARDED_AVAILABILITY = YES_AGGRESSIVE;
				CLANG_WARN_UNREACHABLE_CODE = YES;
				CLANG_WARN__DUPLICATE_METHOD_MATCH = YES;
				CODE_SIGN_IDENTITY = "iPhone Developer";
				COPY_PHASE_STRIP = NO;
				DEBUG_INFORMATION_FORMAT = dwarf;
				ENABLE_STRICT_OBJC_MSGSEND = YES;
				ENABLE_TESTABILITY = YES;
				GCC_C_LANGUAGE_STANDARD = gnu11;
				GCC_DYNAMIC_NO_PIC = NO;
				GCC_NO_COMMON_BLOCKS = YES;
				GCC_OPTIMIZATION_LEVEL = 0;
				GCC_PREPROCESSOR_DEFINITIONS = (
					"DEBUG=1",
					"$(inherited)",
				);
				GCC_WARN_64_TO_32_BIT_CONVERSION = YES;
				GCC_WARN_ABOUT_RETURN_TYPE = YES_ERROR;
				GCC_WARN_UNDECLARED_SELECTOR = YES;
				GCC_WARN_UNINITIALIZED_AUTOS = YES_AGGRESSIVE;
				GCC_WARN_UNUSED_FUNCTION = YES;
				GCC_WARN_UNUSED_VARIABLE = YES;
				IPHONEOS_DEPLOYMENT_TARGET = 11.4;
				MTL_ENABLE_DEBUG_INFO = YES;
				ONLY_ACTIVE_ARCH = YES;
				SDKROOT = iphoneos;
				SWIFT_ACTIVE_COMPILATION_CONDITIONS = DEBUG;
				SWIFT_OPTIMIZATION_LEVEL = "-Onone";
			};
			name = Debug;
		};
		AD0D02AF211839CE0061E461 /* Release */ = {
			isa = XCBuildConfiguration;
			buildSettings = {
				ALWAYS_SEARCH_USER_PATHS = NO;
				CLANG_ANALYZER_NONNULL = YES;
				CLANG_ANALYZER_NUMBER_OBJECT_CONVERSION = YES_AGGRESSIVE;
				CLANG_CXX_LANGUAGE_STANDARD = "gnu++14";
				CLANG_CXX_LIBRARY = "libc++";
				CLANG_ENABLE_MODULES = YES;
				CLANG_ENABLE_OBJC_ARC = YES;
				CLANG_ENABLE_OBJC_WEAK = YES;
				CLANG_WARN_BLOCK_CAPTURE_AUTORELEASING = YES;
				CLANG_WARN_BOOL_CONVERSION = YES;
				CLANG_WARN_COMMA = YES;
				CLANG_WARN_CONSTANT_CONVERSION = YES;
				CLANG_WARN_DEPRECATED_OBJC_IMPLEMENTATIONS = YES;
				CLANG_WARN_DIRECT_OBJC_ISA_USAGE = YES_ERROR;
				CLANG_WARN_DOCUMENTATION_COMMENTS = YES;
				CLANG_WARN_EMPTY_BODY = YES;
				CLANG_WARN_ENUM_CONVERSION = YES;
				CLANG_WARN_INFINITE_RECURSION = YES;
				CLANG_WARN_INT_CONVERSION = YES;
				CLANG_WARN_NON_LITERAL_NULL_CONVERSION = YES;
				CLANG_WARN_OBJC_IMPLICIT_RETAIN_SELF = YES;
				CLANG_WARN_OBJC_LITERAL_CONVERSION = YES;
				CLANG_WARN_OBJC_ROOT_CLASS = YES_ERROR;
				CLANG_WARN_RANGE_LOOP_ANALYSIS = YES;
				CLANG_WARN_STRICT_PROTOTYPES = YES;
				CLANG_WARN_SUSPICIOUS_MOVE = YES;
				CLANG_WARN_UNGUARDED_AVAILABILITY = YES_AGGRESSIVE;
				CLANG_WARN_UNREACHABLE_CODE = YES;
				CLANG_WARN__DUPLICATE_METHOD_MATCH = YES;
				CODE_SIGN_IDENTITY = "iPhone Developer";
				COPY_PHASE_STRIP = NO;
				DEBUG_INFORMATION_FORMAT = "dwarf-with-dsym";
				ENABLE_NS_ASSERTIONS = NO;
				ENABLE_STRICT_OBJC_MSGSEND = YES;
				GCC_C_LANGUAGE_STANDARD = gnu11;
				GCC_NO_COMMON_BLOCKS = YES;
				GCC_WARN_64_TO_32_BIT_CONVERSION = YES;
				GCC_WARN_ABOUT_RETURN_TYPE = YES_ERROR;
				GCC_WARN_UNDECLARED_SELECTOR = YES;
				GCC_WARN_UNINITIALIZED_AUTOS = YES_AGGRESSIVE;
				GCC_WARN_UNUSED_FUNCTION = YES;
				GCC_WARN_UNUSED_VARIABLE = YES;
				IPHONEOS_DEPLOYMENT_TARGET = 11.4;
				MTL_ENABLE_DEBUG_INFO = NO;
				SDKROOT = iphoneos;
				SWIFT_COMPILATION_MODE = wholemodule;
				SWIFT_OPTIMIZATION_LEVEL = "-O";
				VALIDATE_PRODUCT = YES;
			};
			name = Release;
		};
		AD0D02B1211839CE0061E461 /* Debug */ = {
			isa = XCBuildConfiguration;
			buildSettings = {
				ALWAYS_EMBED_SWIFT_STANDARD_LIBRARIES = YES;
				ASSETCATALOG_COMPILER_APPICON_NAME = AppIcon;
				CODE_SIGN_IDENTITY = "iPhone Distribution";
				CODE_SIGN_STYLE = Manual;
				DEVELOPMENT_TEAM = AX4G8WBWQ8;
				FRAMEWORK_SEARCH_PATHS = (
					"$(inherited)",
					"$(PROJECT_DIR)",
				);
				INFOPLIST_FILE = FrameworkDemo/Info.plist;
				LD_RUNPATH_SEARCH_PATHS = (
					"$(inherited)",
					"@executable_path/Frameworks",
				);
				PRODUCT_BUNDLE_IDENTIFIER = com.mobiloitte;
				PRODUCT_NAME = "$(TARGET_NAME)";
				PROVISIONING_PROFILE = "c34d1180-c270-4c31-bdb2-0ae2dfb37a88";
				PROVISIONING_PROFILE_SPECIFIER = MobiloitteEnterprise19Nov16;
				SWIFT_VERSION = 4.0;
				TARGETED_DEVICE_FAMILY = "1,2";
			};
			name = Debug;
		};
		AD0D02B2211839CE0061E461 /* Release */ = {
			isa = XCBuildConfiguration;
			buildSettings = {
				ALWAYS_EMBED_SWIFT_STANDARD_LIBRARIES = YES;
				ASSETCATALOG_COMPILER_APPICON_NAME = AppIcon;
				CODE_SIGN_IDENTITY = "iPhone Distribution";
				CODE_SIGN_STYLE = Manual;
				DEVELOPMENT_TEAM = AX4G8WBWQ8;
				FRAMEWORK_SEARCH_PATHS = (
					"$(inherited)",
					"$(PROJECT_DIR)",
				);
				INFOPLIST_FILE = FrameworkDemo/Info.plist;
				LD_RUNPATH_SEARCH_PATHS = (
					"$(inherited)",
					"@executable_path/Frameworks",
				);
				PRODUCT_BUNDLE_IDENTIFIER = com.mobiloitte;
				PRODUCT_NAME = "$(TARGET_NAME)";
				PROVISIONING_PROFILE = "c34d1180-c270-4c31-bdb2-0ae2dfb37a88";
				PROVISIONING_PROFILE_SPECIFIER = MobiloitteEnterprise19Nov16;
				SWIFT_VERSION = 4.0;
				TARGETED_DEVICE_FAMILY = "1,2";
			};
			name = Release;
		};
		AD0D02B4211839CE0061E461 /* Debug */ = {
			isa = XCBuildConfiguration;
			buildSettings = {
				ALWAYS_EMBED_SWIFT_STANDARD_LIBRARIES = YES;
				BUNDLE_LOADER = "$(TEST_HOST)";
				CODE_SIGN_STYLE = Automatic;
				INFOPLIST_FILE = FrameworkDemoTests/Info.plist;
				LD_RUNPATH_SEARCH_PATHS = (
					"$(inherited)",
					"@executable_path/Frameworks",
					"@loader_path/Frameworks",
				);
				PRODUCT_BUNDLE_IDENTIFIER = Apple.FrameworkDemoTests;
				PRODUCT_NAME = "$(TARGET_NAME)";
				SWIFT_VERSION = 4.0;
				TARGETED_DEVICE_FAMILY = "1,2";
				TEST_HOST = "$(BUILT_PRODUCTS_DIR)/FrameworkDemo.app/FrameworkDemo";
			};
			name = Debug;
		};
		AD0D02B5211839CE0061E461 /* Release */ = {
			isa = XCBuildConfiguration;
			buildSettings = {
				ALWAYS_EMBED_SWIFT_STANDARD_LIBRARIES = YES;
				BUNDLE_LOADER = "$(TEST_HOST)";
				CODE_SIGN_STYLE = Automatic;
				INFOPLIST_FILE = FrameworkDemoTests/Info.plist;
				LD_RUNPATH_SEARCH_PATHS = (
					"$(inherited)",
					"@executable_path/Frameworks",
					"@loader_path/Frameworks",
				);
				PRODUCT_BUNDLE_IDENTIFIER = Apple.FrameworkDemoTests;
				PRODUCT_NAME = "$(TARGET_NAME)";
				SWIFT_VERSION = 4.0;
				TARGETED_DEVICE_FAMILY = "1,2";
				TEST_HOST = "$(BUILT_PRODUCTS_DIR)/FrameworkDemo.app/FrameworkDemo";
			};
			name = Release;
		};
		AD0D02B7211839CE0061E461 /* Debug */ = {
			isa = XCBuildConfiguration;
			buildSettings = {
				ALWAYS_EMBED_SWIFT_STANDARD_LIBRARIES = YES;
				CODE_SIGN_STYLE = Automatic;
				INFOPLIST_FILE = FrameworkDemoUITests/Info.plist;
				LD_RUNPATH_SEARCH_PATHS = (
					"$(inherited)",
					"@executable_path/Frameworks",
					"@loader_path/Frameworks",
				);
				PRODUCT_BUNDLE_IDENTIFIER = Apple.FrameworkDemoUITests;
				PRODUCT_NAME = "$(TARGET_NAME)";
				SWIFT_VERSION = 4.0;
				TARGETED_DEVICE_FAMILY = "1,2";
				TEST_TARGET_NAME = FrameworkDemo;
			};
			name = Debug;
		};
		AD0D02B8211839CE0061E461 /* Release */ = {
			isa = XCBuildConfiguration;
			buildSettings = {
				ALWAYS_EMBED_SWIFT_STANDARD_LIBRARIES = YES;
				CODE_SIGN_STYLE = Automatic;
				INFOPLIST_FILE = FrameworkDemoUITests/Info.plist;
				LD_RUNPATH_SEARCH_PATHS = (
					"$(inherited)",
					"@executable_path/Frameworks",
					"@loader_path/Frameworks",
				);
				PRODUCT_BUNDLE_IDENTIFIER = Apple.FrameworkDemoUITests;
				PRODUCT_NAME = "$(TARGET_NAME)";
				SWIFT_VERSION = 4.0;
				TARGETED_DEVICE_FAMILY = "1,2";
				TEST_TARGET_NAME = FrameworkDemo;
			};
			name = Release;
		};
/* End XCBuildConfiguration section */

/* Begin XCConfigurationList section */
		AD0D0283211839CC0061E461 /* Build configuration list for PBXProject "FrameworkDemo" */ = {
			isa = XCConfigurationList;
			buildConfigurations = (
				AD0D02AE211839CE0061E461 /* Debug */,
				AD0D02AF211839CE0061E461 /* Release */,
			);
			defaultConfigurationIsVisible = 0;
			defaultConfigurationName = Release;
		};
		AD0D02B0211839CE0061E461 /* Build configuration list for PBXNativeTarget "FrameworkDemo" */ = {
			isa = XCConfigurationList;
			buildConfigurations = (
				AD0D02B1211839CE0061E461 /* Debug */,
				AD0D02B2211839CE0061E461 /* Release */,
			);
			defaultConfigurationIsVisible = 0;
			defaultConfigurationName = Release;
		};
		AD0D02B3211839CE0061E461 /* Build configuration list for PBXNativeTarget "FrameworkDemoTests" */ = {
			isa = XCConfigurationList;
			buildConfigurations = (
				AD0D02B4211839CE0061E461 /* Debug */,
				AD0D02B5211839CE0061E461 /* Release */,
			);
			defaultConfigurationIsVisible = 0;
			defaultConfigurationName = Release;
		};
		AD0D02B6211839CE0061E461 /* Build configuration list for PBXNativeTarget "FrameworkDemoUITests" */ = {
			isa = XCConfigurationList;
			buildConfigurations = (
				AD0D02B7211839CE0061E461 /* Debug */,
				AD0D02B8211839CE0061E461 /* Release */,
			);
			defaultConfigurationIsVisible = 0;
			defaultConfigurationName = Release;
		};
/* End XCConfigurationList section */
	};
	rootObject = AD0D0280211839CC0061E461 /* Project object */;
}
